
Microsoft Visual Studio Solution File, Format Version 12.00
# Visual Studio Version 16
VisualStudioVersion = 16.0.32002.261
MinimumVisualStudioVersion = 10.0.40219.1
Project("{FAE04EC0-301F-11D3-BF4B-00C04F79EFBC}") = "aspnet", "aspnet\aspnet.csproj", "{1622053F-CB80-4676-A53C-95FB8601895F}"
EndProject
Global
	GlobalSection(SolutionConfigurationPlatforms) = preSolution
		Debug|Any CPU = Debug|Any CPU
		Release|Any CPU = Release|Any CPU
	EndGlobalSection
	GlobalSection(ProjectConfigurationPlatforms) = postSolution
		{1622053F-CB80-4676-A53C-95FB8601895F}.Debug|Any CPU.ActiveCfg = Debug|Any CPU
		{1622053F-CB80-4676-A53C-95FB8601895F}.Debug|Any CPU.Build.0 = Debug|Any CPU
		{1622053F-CB80-4676-A53C-95FB8601895F}.Release|Any CPU.ActiveCfg = Release|Any CPU
		{1622053F-CB80-4676-A53C-95FB8601895F}.Release|Any CPU.Build.0 = Release|Any CPU
	EndGlobalSection
	GlobalSection(SolutionProperties) = preSolution
		HideSolutionNode = FALSE
	EndGlobalSection
	GlobalSection(ExtensibilityGlobals) = postSolution
		SolutionGuid = {98358306-75AD-402D-AE18-E97B54D0EA43}
	EndGlobalSection
EndGlobal
